
Microsoft Visual Studio Solution File, Format Version 12.00
# Visual Studio Version 16
VisualStudioVersion = 16.0.29613.14
MinimumVisualStudioVersion = 10.0.40219.1
Project("{FAE04EC0-301F-11D3-BF4B-00C04F79EFBC}") = "Sol_RedirectToPage", "Sol_RedirectToPage\Sol_RedirectToPage.csproj", "{1A64FF29-A270-409E-908C-9CEDF3AD2C8B}"
EndProject
Global
	GlobalSection(SolutionConfigurationPlatforms) = preSolution
		Debug|Any CPU = Debug|Any CPU
		Release|Any CPU = Release|Any CPU
	EndGlobalSection
	GlobalSection(ProjectConfigurationPlatforms) = postSolution
		{1A64FF29-A270-409E-908C-9CEDF3AD2C8B}.Debug|Any CPU.ActiveCfg = Debug|Any CPU
		{1A64FF29-A270-409E-908C-9CEDF3AD2C8B}.Debug|Any CPU.Build.0 = Debug|Any CPU
		{1A64FF29-A270-409E-908C-9CEDF3AD2C8B}.Release|Any CPU.ActiveCfg = Release|Any CPU
		{1A64FF29-A270-409E-908C-9CEDF3AD2C8B}.Release|Any CPU.Build.0 = Release|Any CPU
	EndGlobalSection
	GlobalSection(SolutionProperties) = preSolution
		HideSolutionNode = FALSE
	EndGlobalSection
	GlobalSection(ExtensibilityGlobals) = postSolution
		SolutionGuid = {CA4BE082-29F5-4736-B034-6A8A662EDA25}
	EndGlobalSection
EndGlobal
